// !$*UTF8*$!
{
	archiveVersion = 1;
	classes = {
	};
	objectVersion = 56;
	objects = {

/* Begin PBXBuildFile section */
		E81947C92C621EE1005982F5 /* ExchangeRateView.swift in Sources */ = {isa = PBXBuildFile; fileRef = E81947C82C621EE1005982F5 /* ExchangeRateView.swift */; };
		E829CF102C6720AC0077662C /* CurrencyModel.swift in Sources */ = {isa = PBXBuildFile; fileRef = E829CF0F2C6720AC0077662C /* CurrencyModel.swift */; };
		E829CF142C6A56A10077662C /* CurrencyIconGridView.swift in Sources */ = {isa = PBXBuildFile; fileRef = E829CF132C6A56A10077662C /* CurrencyIconGridView.swift */; };
		E8807DA72C5CAFF300DF753B /* LOTRConverterApp.swift in Sources */ = {isa = PBXBuildFile; fileRef = E8807DA62C5CAFF300DF753B /* LOTRConverterApp.swift */; };
		E8807DA92C5CAFF300DF753B /* ContentView.swift in Sources */ = {isa = PBXBuildFile; fileRef = E8807DA82C5CAFF300DF753B /* ContentView.swift */; };
		E8807DAB2C5CAFF500DF753B /* Assets.xcassets in Resources */ = {isa = PBXBuildFile; fileRef = E8807DAA2C5CAFF500DF753B /* Assets.xcassets */; };
		E8807DAE2C5CAFF500DF753B /* Preview Assets.xcassets in Resources */ = {isa = PBXBuildFile; fileRef = E8807DAD2C5CAFF500DF753B /* Preview Assets.xcassets */; };
		E8B13A092C61E4E8003430CE /* ExchangeInfoView.swift in Sources */ = {isa = PBXBuildFile; fileRef = E8B13A082C61E4E8003430CE /* ExchangeInfoView.swift */; };
		E8D7FB4D2C63CD9E0000FC35 /* SelectCurrencyView.swift in Sources */ = {isa = PBXBuildFile; fileRef = E8D7FB4C2C63CD9E0000FC35 /* SelectCurrencyView.swift */; };
		E8D7FB4F2C63D5F00000FC35 /* CurrencyIconView.swift in Sources */ = {isa = PBXBuildFile; fileRef = E8D7FB4E2C63D5F00000FC35 /* CurrencyIconView.swift */; };
/* End PBXBuildFile section */

/* Begin PBXFileReference section */
		E81947C82C621EE1005982F5 /* ExchangeRateView.swift */ = {isa = PBXFileReference; lastKnownFileType = sourcecode.swift; path = ExchangeRateView.swift; sourceTree = "<group>"; };
		E829CF0F2C6720AC0077662C /* CurrencyModel.swift */ = {isa = PBXFileReference; lastKnownFileType = sourcecode.swift; path = CurrencyModel.swift; sourceTree = "<group>"; };
		E829CF132C6A56A10077662C /* CurrencyIconGridView.swift */ = {isa = PBXFileReference; lastKnownFileType = sourcecode.swift; path = CurrencyIconGridView.swift; sourceTree = "<group>"; };
		E8807DA32C5CAFF300DF753B /* LOTRConverter.app */ = {isa = PBXFileReference; explicitFileType = wrapper.application; includeInIndex = 0; path = LOTRConverter.app; sourceTree = BUILT_PRODUCTS_DIR; };
		E8807DA62C5CAFF300DF753B /* LOTRConverterApp.swift */ = {isa = PBXFileReference; lastKnownFileType = sourcecode.swift; path = LOTRConverterApp.swift; sourceTree = "<group>"; };
		E8807DA82C5CAFF300DF753B /* ContentView.swift */ = {isa = PBXFileReference; lastKnownFileType = sourcecode.swift; path = ContentView.swift; sourceTree = "<group>"; };
		E8807DAA2C5CAFF500DF753B /* Assets.xcassets */ = {isa = PBXFileReference; lastKnownFileType = folder.assetcatalog; path = Assets.xcassets; sourceTree = "<group>"; };
		E8807DAD2C5CAFF500DF753B /* Preview Assets.xcassets */ = {isa = PBXFileReference; lastKnownFileType = folder.assetcatalog; path = "Preview Assets.xcassets"; sourceTree = "<group>"; };
		E8B13A082C61E4E8003430CE /* ExchangeInfoView.swift */ = {isa = PBXFileReference; lastKnownFileType = sourcecode.swift; path = ExchangeInfoView.swift; sourceTree = "<group>"; };
		E8D7FB4C2C63CD9E0000FC35 /* SelectCurrencyView.swift */ = {isa = PBXFileReference; lastKnownFileType = sourcecode.swift; path = SelectCurrencyView.swift; sourceTree = "<group>"; };
		E8D7FB4E2C63D5F00000FC35 /* CurrencyIconView.swift */ = {isa = PBXFileReference; lastKnownFileType = sourcecode.swift; path = CurrencyIconView.swift; sourceTree = "<group>"; };
/* End PBXFileReference section */

/* Begin PBXFrameworksBuildPhase section */
		E8807DA02C5CAFF300DF753B /* Frameworks */ = {
			isa = PBXFrameworksBuildPhase;
			buildActionMask = 2147483647;
			files = (
			);
			runOnlyForDeploymentPostprocessing = 0;
		};
/* End PBXFrameworksBuildPhase section */

/* Begin PBXGroup section */
		E8807D9A2C5CAFF300DF753B = {
			isa = PBXGroup;
			children = (
				E8807DA52C5CAFF300DF753B /* LOTRConverter */,
				E8807DA42C5CAFF300DF753B /* Products */,
			);
			sourceTree = "<group>";
		};
		E8807DA42C5CAFF300DF753B /* Products */ = {
			isa = PBXGroup;
			children = (
				E8807DA32C5CAFF300DF753B /* LOTRConverter.app */,
			);
			name = Products;
			sourceTree = "<group>";
		};
		E8807DA52C5CAFF300DF753B /* LOTRConverter */ = {
			isa = PBXGroup;
			children = (
				E8807DA62C5CAFF300DF753B /* LOTRConverterApp.swift */,
				E829CF0F2C6720AC0077662C /* CurrencyModel.swift */,
				E8807DA82C5CAFF300DF753B /* ContentView.swift */,
				E8B13A082C61E4E8003430CE /* ExchangeInfoView.swift */,
				E81947C82C621EE1005982F5 /* ExchangeRateView.swift */,
				E8D7FB4C2C63CD9E0000FC35 /* SelectCurrencyView.swift */,
				E8D7FB4E2C63D5F00000FC35 /* CurrencyIconView.swift */,
				E829CF132C6A56A10077662C /* CurrencyIconGridView.swift */,
				E8807DAA2C5CAFF500DF753B /* Assets.xcassets */,
				E8807DAC2C5CAFF500DF753B /* Preview Content */,
			);
			path = LOTRConverter;
			sourceTree = "<group>";
		};
		E8807DAC2C5CAFF500DF753B /* Preview Content */ = {
			isa = PBXGroup;
			children = (
				E8807DAD2C5CAFF500DF753B /* Preview Assets.xcassets */,
			);
			path = "Preview Content";
			sourceTree = "<group>";
		};
/* End PBXGroup section */

/* Begin PBXNativeTarget section */
		E8807DA22C5CAFF300DF753B /* LOTRConverter */ = {
			isa = PBXNativeTarget;
			buildConfigurationList = E8807DB12C5CAFF500DF753B /* Build configuration list for PBXNativeTarget "LOTRConverter" */;
			buildPhases = (
				E8807D9F2C5CAFF300DF753B /* Sources */,
				E8807DA02C5CAFF300DF753B /* Frameworks */,
				E8807DA12C5CAFF300DF753B /* Resources */,
			);
			buildRules = (
			);
			dependencies = (
			);
			name = LOTRConverter;
			productName = LOTRConverter;
			productReference = E8807DA32C5CAFF300DF753B /* LOTRConverter.app */;
			productType = "com.apple.product-type.application";
		};
/* End PBXNativeTarget section */

/* Begin PBXProject section */
		E8807D9B2C5CAFF300DF753B /* Project object */ = {
			isa = PBXProject;
			attributes = {
				BuildIndependentTargetsInParallel = 1;
				LastSwiftUpdateCheck = 1540;
				LastUpgradeCheck = 1540;
				TargetAttributes = {
					E8807DA22C5CAFF300DF753B = {
						CreatedOnToolsVersion = 15.4;
					};
				};
			};
			buildConfigurationList = E8807D9E2C5CAFF300DF753B /* Build configuration list for PBXProject "LOTRConverter" */;
			compatibilityVersion = "Xcode 14.0";
			developmentRegion = en;
			hasScannedForEncodings = 0;
			knownRegions = (
				en,
				Base,
			);
			mainGroup = E8807D9A2C5CAFF300DF753B;
			productRefGroup = E8807DA42C5CAFF300DF753B /* Products */;
			projectDirPath = "";
			projectRoot = "";
			targets = (
				E8807DA22C5CAFF300DF753B /* LOTRConverter */,
			);
		};
/* End PBXProject section */

/* Begin PBXResourcesBuildPhase section */
		E8807DA12C5CAFF300DF753B /* Resources */ = {
			isa = PBXResourcesBuildPhase;
			buildActionMask = 2147483647;
			files = (
				E8807DAE2C5CAFF500DF753B /* Preview Assets.xcassets in Resources */,
				E8807DAB2C5CAFF500DF753B /* Assets.xcassets in Resources */,
			);
			runOnlyForDeploymentPostprocessing = 0;
		};
/* End PBXResourcesBuildPhase section */

/* Begin PBXSourcesBuildPhase section */
		E8807D9F2C5CAFF300DF753B /* Sources */ = {
			isa = PBXSourcesBuildPhase;
			buildActionMask = 2147483647;
			files = (
				E829CF102C6720AC0077662C /* CurrencyModel.swift in Sources */,
				E829CF142C6A56A10077662C /* CurrencyIconGridView.swift in Sources */,
				E8807DA92C5CAFF300DF753B /* ContentView.swift in Sources */,
				E8807DA72C5CAFF300DF753B /* LOTRConverterApp.swift in Sources */,
				E8B13A092C61E4E8003430CE /* ExchangeInfoView.swift in Sources */,
				E81947C92C621EE1005982F5 /* ExchangeRateView.swift in Sources */,
				E8D7FB4D2C63CD9E0000FC35 /* SelectCurrencyView.swift in Sources */,
				E8D7FB4F2C63D5F00000FC35 /* CurrencyIconView.swift in Sources */,
			);
			runOnlyForDeploymentPostprocessing = 0;
		};
/* End PBXSourcesBuildPhase section */

/* Begin XCBuildConfiguration section */
		E8807DAF2C5CAFF500DF753B /* Debug */ = {
			isa = XCBuildConfiguration;
			buildSettings = {
				ALWAYS_SEARCH_USER_PATHS = NO;
				ASSETCATALOG_COMPILER_GENERATE_SWIFT_ASSET_SYMBOL_EXTENSIONS = YES;
				CLANG_ANALYZER_NONNULL = YES;
				CLANG_ANALYZER_NUMBER_OBJECT_CONVERSION = YES_AGGRESSIVE;
				CLANG_CXX_LANGUAGE_STANDARD = "gnu++20";
				CLANG_ENABLE_MODULES = YES;
				CLANG_ENABLE_OBJC_ARC = YES;
				CLANG_ENABLE_OBJC_WEAK = YES;
				CLANG_WARN_BLOCK_CAPTURE_AUTORELEASING = YES;
				CLANG_WARN_BOOL_CONVERSION = YES;
				CLANG_WARN_COMMA = YES;
				CLANG_WARN_CONSTANT_CONVERSION = YES;
				CLANG_WARN_DEPRECATED_OBJC_IMPLEMENTATIONS = YES;
				CLANG_WARN_DIRECT_OBJC_ISA_USAGE = YES_ERROR;
				CLANG_WARN_DOCUMENTATION_COMMENTS = YES;
				CLANG_WARN_EMPTY_BODY = YES;
				CLANG_WARN_ENUM_CONVERSION = YES;
				CLANG_WARN_INFINITE_RECURSION = YES;
				CLANG_WARN_INT_CONVERSION = YES;
				CLANG_WARN_NON_LITERAL_NULL_CONVERSION = YES;
				CLANG_WARN_OBJC_IMPLICIT_RETAIN_SELF = YES;
				CLANG_WARN_OBJC_LITERAL_CONVERSION = YES;
				CLANG_WARN_OBJC_ROOT_CLASS = YES_ERROR;
				CLANG_WARN_QUOTED_INCLUDE_IN_FRAMEWORK_HEADER = YES;
				CLANG_WARN_RANGE_LOOP_ANALYSIS = YES;
				CLANG_WARN_STRICT_PROTOTYPES = YES;
				CLANG_WARN_SUSPICIOUS_MOVE = YES;
				CLANG_WARN_UNGUARDED_AVAILABILITY = YES_AGGRESSIVE;
				CLANG_WARN_UNREACHABLE_CODE = YES;
				CLANG_WARN__DUPLICATE_METHOD_MATCH = YES;
				COPY_PHASE_STRIP = NO;
				DEBUG_INFORMATION_FORMAT = dwarf;
				ENABLE_STRICT_OBJC_MSGSEND = YES;
				ENABLE_TESTABILITY = YES;
				ENABLE_USER_SCRIPT_SANDBOXING = YES;
				GCC_C_LANGUAGE_STANDARD = gnu17;
				GCC_DYNAMIC_NO_PIC = NO;
				GCC_NO_COMMON_BLOCKS = YES;
				GCC_OPTIMIZATION_LEVEL = 0;
				GCC_PREPROCESSOR_DEFINITIONS = (
					"DEBUG=1",
					"$(inherited)",
				);
				GCC_WARN_64_TO_32_BIT_CONVERSION = YES;
				GCC_WARN_ABOUT_RETURN_TYPE = YES_ERROR;
				GCC_WARN_UNDECLARED_SELECTOR = YES;
				GCC_WARN_UNINITIALIZED_AUTOS = YES_AGGRESSIVE;
				GCC_WARN_UNUSED_FUNCTION = YES;
				GCC_WARN_UNUSED_VARIABLE = YES;
				IPHONEOS_DEPLOYMENT_TARGET = 17.5;
				LOCALIZATION_PREFERS_STRING_CATALOGS = YES;
				MTL_ENABLE_DEBUG_INFO = INCLUDE_SOURCE;
				MTL_FAST_MATH = YES;
				ONLY_ACTIVE_ARCH = YES;
				SDKROOT = iphoneos;
				SWIFT_ACTIVE_COMPILATION_CONDITIONS = "DEBUG $(inherited)";
				SWIFT_OPTIMIZATION_LEVEL = "-Onone";
			};
			name = Debug;
		};
		E8807DB02C5CAFF500DF753B /* Release */ = {
			isa = XCBuildConfiguration;
			buildSettings = {
				ALWAYS_SEARCH_USER_PATHS = NO;
				ASSETCATALOG_COMPILER_GENERATE_SWIFT_ASSET_SYMBOL_EXTENSIONS = YES;
				CLANG_ANALYZER_NONNULL = YES;
				CLANG_ANALYZER_NUMBER_OBJECT_CONVERSION = YES_AGGRESSIVE;
				CLANG_CXX_LANGUAGE_STANDARD = "gnu++20";
				CLANG_ENABLE_MODULES = YES;
				CLANG_ENABLE_OBJC_ARC = YES;
				CLANG_ENABLE_OBJC_WEAK = YES;
				CLANG_WARN_BLOCK_CAPTURE_AUTORELEASING = YES;
				CLANG_WARN_BOOL_CONVERSION = YES;
				CLANG_WARN_COMMA = YES;
				CLANG_WARN_CONSTANT_CONVERSION = YES;
				CLANG_WARN_DEPRECATED_OBJC_IMPLEMENTATIONS = YES;
				CLANG_WARN_DIRECT_OBJC_ISA_USAGE = YES_ERROR;
				CLANG_WARN_DOCUMENTATION_COMMENTS = YES;
				CLANG_WARN_EMPTY_BODY = YES;
				CLANG_WARN_ENUM_CONVERSION = YES;
				CLANG_WARN_INFINITE_RECURSION = YES;
				CLANG_WARN_INT_CONVERSION = YES;
				CLANG_WARN_NON_LITERAL_NULL_CONVERSION = YES;
				CLANG_WARN_OBJC_IMPLICIT_RETAIN_SELF = YES;
				CLANG_WARN_OBJC_LITERAL_CONVERSION = YES;
				CLANG_WARN_OBJC_ROOT_CLASS = YES_ERROR;
				CLANG_WARN_QUOTED_INCLUDE_IN_FRAMEWORK_HEADER = YES;
				CLANG_WARN_RANGE_LOOP_ANALYSIS = YES;
				CLANG_WARN_STRICT_PROTOTYPES = YES;
				CLANG_WARN_SUSPICIOUS_MOVE = YES;
				CLANG_WARN_UNGUARDED_AVAILABILITY = YES_AGGRESSIVE;
				CLANG_WARN_UNREACHABLE_CODE = YES;
				CLANG_WARN__DUPLICATE_METHOD_MATCH = YES;
				COPY_PHASE_STRIP = NO;
				DEBUG_INFORMATION_FORMAT = "dwarf-with-dsym";
				ENABLE_NS_ASSERTIONS = NO;
				ENABLE_STRICT_OBJC_MSGSEND = YES;
				ENABLE_USER_SCRIPT_SANDBOXING = YES;
				GCC_C_LANGUAGE_STANDARD = gnu17;
				GCC_NO_COMMON_BLOCKS = YES;
				GCC_WARN_64_TO_32_BIT_CONVERSION = YES;
				GCC_WARN_ABOUT_RETURN_TYPE = YES_ERROR;
				GCC_WARN_UNDECLARED_SELECTOR = YES;
				GCC_WARN_UNINITIALIZED_AUTOS = YES_AGGRESSIVE;
				GCC_WARN_UNUSED_FUNCTION = YES;
				GCC_WARN_UNUSED_VARIABLE = YES;
				IPHONEOS_DEPLOYMENT_TARGET = 17.5;
				LOCALIZATION_PREFERS_STRING_CATALOGS = YES;
				MTL_ENABLE_DEBUG_INFO = NO;
				MTL_FAST_MATH = YES;
				SDKROOT = iphoneos;
				SWIFT_COMPILATION_MODE = wholemodule;
				VALIDATE_PRODUCT = YES;
			};
			name = Release;
		};
		E8807DB22C5CAFF500DF753B /* Debug */ = {
			isa = XCBuildConfiguration;
			buildSettings = {
				ASSETCATALOG_COMPILER_APPICON_NAME = AppIcon;
				ASSETCATALOG_COMPILER_GLOBAL_ACCENT_COLOR_NAME = AccentColor;
				CODE_SIGN_STYLE = Automatic;
				CURRENT_PROJECT_VERSION = 1;
				DEVELOPMENT_ASSET_PATHS = "\"LOTRConverter/Preview Content\"";
				DEVELOPMENT_TEAM = 9YN34DK99C;
				ENABLE_PREVIEWS = YES;
				GENERATE_INFOPLIST_FILE = YES;
				INFOPLIST_KEY_UIApplicationSceneManifest_Generation = YES;
				INFOPLIST_KEY_UIApplicationSupportsIndirectInputEvents = YES;
				INFOPLIST_KEY_UILaunchScreen_Generation = YES;
				INFOPLIST_KEY_UISupportedInterfaceOrientations_iPad = "UIInterfaceOrientationPortrait UIInterfaceOrientationPortraitUpsideDown UIInterfaceOrientationLandscapeLeft UIInterfaceOrientationLandscapeRight";
				INFOPLIST_KEY_UISupportedInterfaceOrientations_iPhone = "UIInterfaceOrientationPortrait UIInterfaceOrientationLandscapeLeft UIInterfaceOrientationLandscapeRight";
				LD_RUNPATH_SEARCH_PATHS = (
					"$(inherited)",
					"@executable_path/Frameworks",
				);
				MARKETING_VERSION = 1.0;
				PRODUCT_BUNDLE_IDENTIFIER = com.yunac.LOTRConverter;
				PRODUCT_NAME = "$(TARGET_NAME)";
				SWIFT_EMIT_LOC_STRINGS = YES;
				SWIFT_VERSION = 5.0;
				TARGETED_DEVICE_FAMILY = "1,2";
			};
			name = Debug;
		};
		E8807DB32C5CAFF500DF753B /* Release */ = {
			isa = XCBuildConfiguration;
			buildSettings = {
				ASSETCATALOG_COMPILER_APPICON_NAME = AppIcon;
				ASSETCATALOG_COMPILER_GLOBAL_ACCENT_COLOR_NAME = AccentColor;
				CODE_SIGN_STYLE = Automatic;
				CURRENT_PROJECT_VERSION = 1;
				DEVELOPMENT_ASSET_PATHS = "\"LOTRConverter/Preview Content\"";
				DEVELOPMENT_TEAM = 9YN34DK99C;
				ENABLE_PREVIEWS = YES;
				GENERATE_INFOPLIST_FILE = YES;
				INFOPLIST_KEY_UIApplicationSceneManifest_Generation = YES;
				INFOPLIST_KEY_UIApplicationSupportsIndirectInputEvents = YES;
				INFOPLIST_KEY_UILaunchScreen_Generation = YES;
				INFOPLIST_KEY_UISupportedInterfaceOrientations_iPad = "UIInterfaceOrientationPortrait UIInterfaceOrientationPortraitUpsideDown UIInterfaceOrientationLandscapeLeft UIInterfaceOrientationLandscapeRight";
				INFOPLIST_KEY_UISupportedInterfaceOrientations_iPhone = "UIInterfaceOrientationPortrait UIInterfaceOrientationLandscapeLeft UIInterfaceOrientationLandscapeRight";
				LD_RUNPATH_SEARCH_PATHS = (
					"$(inherited)",
					"@executable_path/Frameworks",
				);
				MARKETING_VERSION = 1.0;
				PRODUCT_BUNDLE_IDENTIFIER = com.yunac.LOTRConverter;
				PRODUCT_NAME = "$(TARGET_NAME)";
				SWIFT_EMIT_LOC_STRINGS = YES;
				SWIFT_VERSION = 5.0;
				TARGETED_DEVICE_FAMILY = "1,2";
			};
			name = Release;
		};
/* End XCBuildConfiguration section */

/* Begin XCConfigurationList section */
		E8807D9E2C5CAFF300DF753B /* Build configuration list for PBXProject "LOTRConverter" */ = {
			isa = XCConfigurationList;
			buildConfigurations = (
				E8807DAF2C5CAFF500DF753B /* Debug */,
				E8807DB02C5CAFF500DF753B /* Release */,
			);
			defaultConfigurationIsVisible = 0;
			defaultConfigurationName = Release;
		};
		E8807DB12C5CAFF500DF753B /* Build configuration list for PBXNativeTarget "LOTRConverter" */ = {
			isa = XCConfigurationList;
			buildConfigurations = (
				E8807DB22C5CAFF500DF753B /* Debug */,
				E8807DB32C5CAFF500DF753B /* Release */,
			);
			defaultConfigurationIsVisible = 0;
			defaultConfigurationName = Release;
		};
/* End XCConfigurationList section */
	};
	rootObject = E8807D9B2C5CAFF300DF753B /* Project object */;
}
